// !$*UTF8*$!
{
	archiveVersion = 1;
	classes = {
	};
	objectVersion = 46;
	objects = {

/* Begin PBXBuildFile section */
		1F814F2C1E9B042700A672AC /* GameTableViewCell.swift in Sources */ = {isa = PBXBuildFile; fileRef = 1F814F2B1E9B042700A672AC /* GameTableViewCell.swift */; };
		1FC498791E9AC34B0076A1C4 /* AppDelegate.swift in Sources */ = {isa = PBXBuildFile; fileRef = 1FC498781E9AC34B0076A1C4 /* AppDelegate.swift */; };
		1FC4987B1E9AC34B0076A1C4 /* IntroductionViewController.swift in Sources */ = {isa = PBXBuildFile; fileRef = 1FC4987A1E9AC34B0076A1C4 /* IntroductionViewController.swift */; };
		1FC4987E1E9AC34B0076A1C4 /* Main.storyboard in Resources */ = {isa = PBXBuildFile; fileRef = 1FC4987C1E9AC34B0076A1C4 /* Main.storyboard */; };
		1FC498801E9AC34B0076A1C4 /* Assets.xcassets in Resources */ = {isa = PBXBuildFile; fileRef = 1FC4987F1E9AC34B0076A1C4 /* Assets.xcassets */; };
		1FC498831E9AC34B0076A1C4 /* LaunchScreen.storyboard in Resources */ = {isa = PBXBuildFile; fileRef = 1FC498811E9AC34B0076A1C4 /* LaunchScreen.storyboard */; };
		1FC4988F1E9AC6DE0076A1C4 /* MainScreenViewController.swift in Sources */ = {isa = PBXBuildFile; fileRef = 1FC4988E1E9AC6DE0076A1C4 /* MainScreenViewController.swift */; };
		1FC498911E9AC7390076A1C4 /* GameCollectionTableViewController.swift in Sources */ = {isa = PBXBuildFile; fileRef = 1FC498901E9AC7380076A1C4 /* GameCollectionTableViewController.swift */; };
		1FC498931E9AC7880076A1C4 /* GetGameViewController.swift in Sources */ = {isa = PBXBuildFile; fileRef = 1FC498921E9AC7880076A1C4 /* GetGameViewController.swift */; };
		1FC498951E9AC7CB0076A1C4 /* SettingsViewController.swift in Sources */ = {isa = PBXBuildFile; fileRef = 1FC498941E9AC7CB0076A1C4 /* SettingsViewController.swift */; };
		1FC498971E9AC89E0076A1C4 /* HeresYoGameViewController.swift in Sources */ = {isa = PBXBuildFile; fileRef = 1FC498961E9AC89E0076A1C4 /* HeresYoGameViewController.swift */; };
		1FC4989B1E9ADC830076A1C4 /* GameDetailViewController.swift in Sources */ = {isa = PBXBuildFile; fileRef = 1FC4989A1E9ADC830076A1C4 /* GameDetailViewController.swift */; };
/* End PBXBuildFile section */

/* Begin PBXFileReference section */
		1F814F2B1E9B042700A672AC /* GameTableViewCell.swift */ = {isa = PBXFileReference; fileEncoding = 4; lastKnownFileType = sourcecode.swift; path = GameTableViewCell.swift; sourceTree = "<group>"; };
		1FC498751E9AC34B0076A1C4 /* Bozo.app */ = {isa = PBXFileReference; explicitFileType = wrapper.application; includeInIndex = 0; path = Bozo.app; sourceTree = BUILT_PRODUCTS_DIR; };
		1FC498781E9AC34B0076A1C4 /* AppDelegate.swift */ = {isa = PBXFileReference; lastKnownFileType = sourcecode.swift; path = AppDelegate.swift; sourceTree = "<group>"; };
		1FC4987A1E9AC34B0076A1C4 /* IntroductionViewController.swift */ = {isa = PBXFileReference; lastKnownFileType = sourcecode.swift; path = IntroductionViewController.swift; sourceTree = "<group>"; };
		1FC4987D1E9AC34B0076A1C4 /* Base */ = {isa = PBXFileReference; lastKnownFileType = file.storyboard; name = Base; path = Base.lproj/Main.storyboard; sourceTree = "<group>"; };
		1FC4987F1E9AC34B0076A1C4 /* Assets.xcassets */ = {isa = PBXFileReference; lastKnownFileType = folder.assetcatalog; path = Assets.xcassets; sourceTree = "<group>"; };
		1FC498821E9AC34B0076A1C4 /* Base */ = {isa = PBXFileReference; lastKnownFileType = file.storyboard; name = Base; path = Base.lproj/LaunchScreen.storyboard; sourceTree = "<group>"; };
		1FC498841E9AC34B0076A1C4 /* Info.plist */ = {isa = PBXFileReference; lastKnownFileType = text.plist.xml; path = Info.plist; sourceTree = "<group>"; };
		1FC4988E1E9AC6DE0076A1C4 /* MainScreenViewController.swift */ = {isa = PBXFileReference; fileEncoding = 4; lastKnownFileType = sourcecode.swift; path = MainScreenViewController.swift; sourceTree = "<group>"; };
		1FC498901E9AC7380076A1C4 /* GameCollectionTableViewController.swift */ = {isa = PBXFileReference; fileEncoding = 4; lastKnownFileType = sourcecode.swift; path = GameCollectionTableViewController.swift; sourceTree = "<group>"; };
		1FC498921E9AC7880076A1C4 /* GetGameViewController.swift */ = {isa = PBXFileReference; fileEncoding = 4; lastKnownFileType = sourcecode.swift; path = GetGameViewController.swift; sourceTree = "<group>"; };
		1FC498941E9AC7CB0076A1C4 /* SettingsViewController.swift */ = {isa = PBXFileReference; fileEncoding = 4; lastKnownFileType = sourcecode.swift; path = SettingsViewController.swift; sourceTree = "<group>"; };
		1FC498961E9AC89E0076A1C4 /* HeresYoGameViewController.swift */ = {isa = PBXFileReference; fileEncoding = 4; lastKnownFileType = sourcecode.swift; path = HeresYoGameViewController.swift; sourceTree = "<group>"; };
		1FC4989A1E9ADC830076A1C4 /* GameDetailViewController.swift */ = {isa = PBXFileReference; fileEncoding = 4; lastKnownFileType = sourcecode.swift; path = GameDetailViewController.swift; sourceTree = "<group>"; };
/* End PBXFileReference section */

/* Begin PBXFrameworksBuildPhase section */
		1FC498721E9AC34B0076A1C4 /* Frameworks */ = {
			isa = PBXFrameworksBuildPhase;
			buildActionMask = 2147483647;
			files = (
			);
			runOnlyForDeploymentPostprocessing = 0;
		};
/* End PBXFrameworksBuildPhase section */

/* Begin PBXGroup section */
		1FC4986C1E9AC34B0076A1C4 = {
			isa = PBXGroup;
			children = (
				1FC498771E9AC34B0076A1C4 /* Bozo */,
				1FC498761E9AC34B0076A1C4 /* Products */,
			);
			sourceTree = "<group>";
		};
		1FC498761E9AC34B0076A1C4 /* Products */ = {
			isa = PBXGroup;
			children = (
				1FC498751E9AC34B0076A1C4 /* Bozo.app */,
			);
			name = Products;
			sourceTree = "<group>";
		};
		1FC498771E9AC34B0076A1C4 /* Bozo */ = {
			isa = PBXGroup;
			children = (
				1FC498781E9AC34B0076A1C4 /* AppDelegate.swift */,
				1FC4988C1E9AC6830076A1C4 /* View */,
				1FC4988D1E9AC6910076A1C4 /* Controller */,
				1FC4987F1E9AC34B0076A1C4 /* Assets.xcassets */,
				1FC498841E9AC34B0076A1C4 /* Info.plist */,
			);
			path = Bozo;
			sourceTree = "<group>";
		};
		1FC4988C1E9AC6830076A1C4 /* View */ = {
			isa = PBXGroup;
			children = (
				1FC498811E9AC34B0076A1C4 /* LaunchScreen.storyboard */,
				1FC4987C1E9AC34B0076A1C4 /* Main.storyboard */,
				1F814F2B1E9B042700A672AC /* GameTableViewCell.swift */,
			);
			name = View;
			sourceTree = "<group>";
		};
		1FC4988D1E9AC6910076A1C4 /* Controller */ = {
			isa = PBXGroup;
			children = (
				1FC4987A1E9AC34B0076A1C4 /* IntroductionViewController.swift */,
				1FC4988E1E9AC6DE0076A1C4 /* MainScreenViewController.swift */,
				1FC498901E9AC7380076A1C4 /* GameCollectionTableViewController.swift */,
				1FC498921E9AC7880076A1C4 /* GetGameViewController.swift */,
				1FC498961E9AC89E0076A1C4 /* HeresYoGameViewController.swift */,
				1FC498941E9AC7CB0076A1C4 /* SettingsViewController.swift */,
				1FC4989A1E9ADC830076A1C4 /* GameDetailViewController.swift */,
			);
			name = Controller;
			sourceTree = "<group>";
		};
/* End PBXGroup section */

/* Begin PBXNativeTarget section */
		1FC498741E9AC34B0076A1C4 /* Bozo */ = {
			isa = PBXNativeTarget;
			buildConfigurationList = 1FC498871E9AC34B0076A1C4 /* Build configuration list for PBXNativeTarget "Bozo" */;
			buildPhases = (
				1FC498711E9AC34B0076A1C4 /* Sources */,
				1FC498721E9AC34B0076A1C4 /* Frameworks */,
				1FC498731E9AC34B0076A1C4 /* Resources */,
			);
			buildRules = (
			);
			dependencies = (
			);
			name = Bozo;
			productName = Bozo;
			productReference = 1FC498751E9AC34B0076A1C4 /* Bozo.app */;
			productType = "com.apple.product-type.application";
		};
/* End PBXNativeTarget section */

/* Begin PBXProject section */
		1FC4986D1E9AC34B0076A1C4 /* Project object */ = {
			isa = PBXProject;
			attributes = {
				LastSwiftUpdateCheck = 0830;
				LastUpgradeCheck = 0830;
				ORGANIZATIONNAME = "Jeffrey Eugene Hoch";
				TargetAttributes = {
					1FC498741E9AC34B0076A1C4 = {
						CreatedOnToolsVersion = 8.3.1;
						DevelopmentTeam = R45KNDPG3H;
						ProvisioningStyle = Automatic;
					};
				};
			};
			buildConfigurationList = 1FC498701E9AC34B0076A1C4 /* Build configuration list for PBXProject "Bozo" */;
			compatibilityVersion = "Xcode 3.2";
			developmentRegion = English;
			hasScannedForEncodings = 0;
			knownRegions = (
				en,
				Base,
			);
			mainGroup = 1FC4986C1E9AC34B0076A1C4;
			productRefGroup = 1FC498761E9AC34B0076A1C4 /* Products */;
			projectDirPath = "";
			projectRoot = "";
			targets = (
				1FC498741E9AC34B0076A1C4 /* Bozo */,
			);
		};
/* End PBXProject section */

/* Begin PBXResourcesBuildPhase section */
		1FC498731E9AC34B0076A1C4 /* Resources */ = {
			isa = PBXResourcesBuildPhase;
			buildActionMask = 2147483647;
			files = (
				1FC498831E9AC34B0076A1C4 /* LaunchScreen.storyboard in Resources */,
				1FC498801E9AC34B0076A1C4 /* Assets.xcassets in Resources */,
				1FC4987E1E9AC34B0076A1C4 /* Main.storyboard in Resources */,
			);
			runOnlyForDeploymentPostprocessing = 0;
		};
/* End PBXResourcesBuildPhase section */

/* Begin PBXSourcesBuildPhase section */
		1FC498711E9AC34B0076A1C4 /* Sources */ = {
			isa = PBXSourcesBuildPhase;
			buildActionMask = 2147483647;
			files = (
				1FC4987B1E9AC34B0076A1C4 /* IntroductionViewController.swift in Sources */,
				1FC498971E9AC89E0076A1C4 /* HeresYoGameViewController.swift in Sources */,
				1F814F2C1E9B042700A672AC /* GameTableViewCell.swift in Sources */,
				1FC498931E9AC7880076A1C4 /* GetGameViewController.swift in Sources */,
				1FC498791E9AC34B0076A1C4 /* AppDelegate.swift in Sources */,
				1FC4988F1E9AC6DE0076A1C4 /* MainScreenViewController.swift in Sources */,
				1FC4989B1E9ADC830076A1C4 /* GameDetailViewController.swift in Sources */,
				1FC498911E9AC7390076A1C4 /* GameCollectionTableViewController.swift in Sources */,
				1FC498951E9AC7CB0076A1C4 /* SettingsViewController.swift in Sources */,
			);
			runOnlyForDeploymentPostprocessing = 0;
		};
/* End PBXSourcesBuildPhase section */

/* Begin PBXVariantGroup section */
		1FC4987C1E9AC34B0076A1C4 /* Main.storyboard */ = {
			isa = PBXVariantGroup;
			children = (
				1FC4987D1E9AC34B0076A1C4 /* Base */,
			);
			name = Main.storyboard;
			sourceTree = "<group>";
		};
		1FC498811E9AC34B0076A1C4 /* LaunchScreen.storyboard */ = {
			isa = PBXVariantGroup;
			children = (
				1FC498821E9AC34B0076A1C4 /* Base */,
			);
			name = LaunchScreen.storyboard;
			sourceTree = "<group>";
		};
/* End PBXVariantGroup section */

/* Begin XCBuildConfiguration section */
		1FC498851E9AC34B0076A1C4 /* Debug */ = {
			isa = XCBuildConfiguration;
			buildSettings = {
				ALWAYS_SEARCH_USER_PATHS = NO;
				CLANG_ANALYZER_NONNULL = YES;
				CLANG_ANALYZER_NUMBER_OBJECT_CONVERSION = YES_AGGRESSIVE;
				CLANG_CXX_LANGUAGE_STANDARD = "gnu++0x";
				CLANG_CXX_LIBRARY = "libc++";
				CLANG_ENABLE_MODULES = YES;
				CLANG_ENABLE_OBJC_ARC = YES;
				CLANG_WARN_BOOL_CONVERSION = YES;
				CLANG_WARN_CONSTANT_CONVERSION = YES;
				CLANG_WARN_DIRECT_OBJC_ISA_USAGE = YES_ERROR;
				CLANG_WARN_DOCUMENTATION_COMMENTS = YES;
				CLANG_WARN_EMPTY_BODY = YES;
				CLANG_WARN_ENUM_CONVERSION = YES;
				CLANG_WARN_INFINITE_RECURSION = YES;
				CLANG_WARN_INT_CONVERSION = YES;
				CLANG_WARN_OBJC_ROOT_CLASS = YES_ERROR;
				CLANG_WARN_SUSPICIOUS_MOVE = YES;
				CLANG_WARN_UNREACHABLE_CODE = YES;
				CLANG_WARN__DUPLICATE_METHOD_MATCH = YES;
				"CODE_SIGN_IDENTITY[sdk=iphoneos*]" = "iPhone Developer";
				COPY_PHASE_STRIP = NO;
				DEBUG_INFORMATION_FORMAT = dwarf;
				ENABLE_STRICT_OBJC_MSGSEND = YES;
				ENABLE_TESTABILITY = YES;
				GCC_C_LANGUAGE_STANDARD = gnu99;
				GCC_DYNAMIC_NO_PIC = NO;
				GCC_NO_COMMON_BLOCKS = YES;
				GCC_OPTIMIZATION_LEVEL = 0;
				GCC_PREPROCESSOR_DEFINITIONS = (
					"DEBUG=1",
					"$(inherited)",
				);
				GCC_WARN_64_TO_32_BIT_CONVERSION = YES;
				GCC_WARN_ABOUT_RETURN_TYPE = YES_ERROR;
				GCC_WARN_UNDECLARED_SELECTOR = YES;
				GCC_WARN_UNINITIALIZED_AUTOS = YES_AGGRESSIVE;
				GCC_WARN_UNUSED_FUNCTION = YES;
				GCC_WARN_UNUSED_VARIABLE = YES;
				IPHONEOS_DEPLOYMENT_TARGET = 9.3;
				MTL_ENABLE_DEBUG_INFO = YES;
				ONLY_ACTIVE_ARCH = YES;
				SDKROOT = iphoneos;
				SWIFT_ACTIVE_COMPILATION_CONDITIONS = DEBUG;
				SWIFT_OPTIMIZATION_LEVEL = "-Onone";
			};
			name = Debug;
		};
		1FC498861E9AC34B0076A1C4 /* Release */ = {
			isa = XCBuildConfiguration;
			buildSettings = {
				ALWAYS_SEARCH_USER_PATHS = NO;
				CLANG_ANALYZER_NONNULL = YES;
				CLANG_ANALYZER_NUMBER_OBJECT_CONVERSION = YES_AGGRESSIVE;
				CLANG_CXX_LANGUAGE_STANDARD = "gnu++0x";
				CLANG_CXX_LIBRARY = "libc++";
				CLANG_ENABLE_MODULES = YES;
				CLANG_ENABLE_OBJC_ARC = YES;
				CLANG_WARN_BOOL_CONVERSION = YES;
				CLANG_WARN_CONSTANT_CONVERSION = YES;
				CLANG_WARN_DIRECT_OBJC_ISA_USAGE = YES_ERROR;
				CLANG_WARN_DOCUMENTATION_COMMENTS = YES;
				CLANG_WARN_EMPTY_BODY = YES;
				CLANG_WARN_ENUM_CONVERSION = YES;
				CLANG_WARN_INFINITE_RECURSION = YES;
				CLANG_WARN_INT_CONVERSION = YES;
				CLANG_WARN_OBJC_ROOT_CLASS = YES_ERROR;
				CLANG_WARN_SUSPICIOUS_MOVE = YES;
				CLANG_WARN_UNREACHABLE_CODE = YES;
				CLANG_WARN__DUPLICATE_METHOD_MATCH = YES;
				"CODE_SIGN_IDENTITY[sdk=iphoneos*]" = "iPhone Developer";
				COPY_PHASE_STRIP = NO;
				DEBUG_INFORMATION_FORMAT = "dwarf-with-dsym";
				ENABLE_NS_ASSERTIONS = NO;
				ENABLE_STRICT_OBJC_MSGSEND = YES;
				GCC_C_LANGUAGE_STANDARD = gnu99;
				GCC_NO_COMMON_BLOCKS = YES;
				GCC_WARN_64_TO_32_BIT_CONVERSION = YES;
				GCC_WARN_ABOUT_RETURN_TYPE = YES_ERROR;
				GCC_WARN_UNDECLARED_SELECTOR = YES;
				GCC_WARN_UNINITIALIZED_AUTOS = YES_AGGRESSIVE;
				GCC_WARN_UNUSED_FUNCTION = YES;
				GCC_WARN_UNUSED_VARIABLE = YES;
				IPHONEOS_DEPLOYMENT_TARGET = 9.3;
				MTL_ENABLE_DEBUG_INFO = NO;
				SDKROOT = iphoneos;
				SWIFT_OPTIMIZATION_LEVEL = "-Owholemodule";
				VALIDATE_PRODUCT = YES;
			};
			name = Release;
		};
		1FC498881E9AC34B0076A1C4 /* Debug */ = {
			isa = XCBuildConfiguration;
			buildSettings = {
				ASSETCATALOG_COMPILER_APPICON_NAME = AppIcon;
				DEVELOPMENT_TEAM = R45KNDPG3H;
				INFOPLIST_FILE = Bozo/Info.plist;
				LD_RUNPATH_SEARCH_PATHS = "$(inherited) @executable_path/Frameworks";
				PRODUCT_BUNDLE_IDENTIFIER = jeffreyeugenehoch.Bozo;
				PRODUCT_NAME = "$(TARGET_NAME)";
				SWIFT_VERSION = 3.0;
				TARGETED_DEVICE_FAMILY = 1;
			};
			name = Debug;
		};
		1FC498891E9AC34B0076A1C4 /* Release */ = {
			isa = XCBuildConfiguration;
			buildSettings = {
				ASSETCATALOG_COMPILER_APPICON_NAME = AppIcon;
				DEVELOPMENT_TEAM = R45KNDPG3H;
				INFOPLIST_FILE = Bozo/Info.plist;
				LD_RUNPATH_SEARCH_PATHS = "$(inherited) @executable_path/Frameworks";
				PRODUCT_BUNDLE_IDENTIFIER = jeffreyeugenehoch.Bozo;
				PRODUCT_NAME = "$(TARGET_NAME)";
				SWIFT_VERSION = 3.0;
				TARGETED_DEVICE_FAMILY = 1;
			};
			name = Release;
		};
/* End XCBuildConfiguration section */

/* Begin XCConfigurationList section */
		1FC498701E9AC34B0076A1C4 /* Build configuration list for PBXProject "Bozo" */ = {
			isa = XCConfigurationList;
			buildConfigurations = (
				1FC498851E9AC34B0076A1C4 /* Debug */,
				1FC498861E9AC34B0076A1C4 /* Release */,
			);
			defaultConfigurationIsVisible = 0;
			defaultConfigurationName = Release;
		};
		1FC498871E9AC34B0076A1C4 /* Build configuration list for PBXNativeTarget "Bozo" */ = {
			isa = XCConfigurationList;
			buildConfigurations = (
				1FC498881E9AC34B0076A1C4 /* Debug */,
				1FC498891E9AC34B0076A1C4 /* Release */,
			);
			defaultConfigurationIsVisible = 0;
			defaultConfigurationName = Release;
		};
/* End XCConfigurationList section */
	};
	rootObject = 1FC4986D1E9AC34B0076A1C4 /* Project object */;
}
